// !$*UTF8*$!
{
	archiveVersion = 1;
	classes = {
	};
	objectVersion = 77;
	objects = {

/* Begin PBXBuildFile section */
		017FD19376E0BADA218A3604 /* CapturePrefill.swift in Sources */ = {isa = PBXBuildFile; fileRef = 4CBA4D4E213F6B83EB33639D /* CapturePrefill.swift */; };
		02757F7C23442471CBA41280 /* SettingsView.swift in Sources */ = {isa = PBXBuildFile; fileRef = 4B3F20CAA7F3778A486477A5 /* SettingsView.swift */; };
		03D459D8382BC1695FFB1F77 /* CSVExporter.swift in Sources */ = {isa = PBXBuildFile; fileRef = F39BE7063CC4D232FC7DD8D1 /* CSVExporter.swift */; };
		07F07FAE13CACDFD7F4246B3 /* PersistenceTests.swift in Sources */ = {isa = PBXBuildFile; fileRef = B981E1CD86D1D49E1B89DAAA /* PersistenceTests.swift */; };
		0A06D0E1446BD988D6E632FC /* IntentSupport.swift in Sources */ = {isa = PBXBuildFile; fileRef = 8AFDF5F905D85495CC043D15 /* IntentSupport.swift */; };
		101A6912F8C10D53F2E322B8 /* TimeBucket.swift in Sources */ = {isa = PBXBuildFile; fileRef = 7DD6A7AF092AF09A67270576 /* TimeBucket.swift */; };
		10D68A923A8E2E9C9AD3B4D2 /* ShareParser.swift in Sources */ = {isa = PBXBuildFile; fileRef = F5D80F4F776E0564FC7F8201 /* ShareParser.swift */; };
		10FC99EA0CD361A92052B43D /* OpenCaptureIntent.swift in Sources */ = {isa = PBXBuildFile; fileRef = 81FFDEB986BB922DED4CE884 /* OpenCaptureIntent.swift */; };
		16E73425085637DCCF43CD1C /* OnboardingCategoriesView.swift in Sources */ = {isa = PBXBuildFile; fileRef = 6FCAFA2601272F61B499A280 /* OnboardingCategoriesView.swift */; };
		1932E41B91F45E46AA7B947E /* TapLogWidgetBundle.swift in Sources */ = {isa = PBXBuildFile; fileRef = BE6D869DDDC20393088C7D57 /* TapLogWidgetBundle.swift */; };
		2344142B18619D974F6B8ECA /* SetupFrontDoorsView.swift in Sources */ = {isa = PBXBuildFile; fileRef = 5ECFDD7A235B57950FEB84D8 /* SetupFrontDoorsView.swift */; };
		26306C88F962BCC08D7F9FDD /* LogHomeView.swift in Sources */ = {isa = PBXBuildFile; fileRef = E47FDDD9D72A53C355B60DEF /* LogHomeView.swift */; };
		29A7E78D7E66C5C96DB5CC33 /* Money.swift in Sources */ = {isa = PBXBuildFile; fileRef = 3E288AE6E7A4297523866942 /* Money.swift */; };
		2DFADCEFE987ACAA518EE64E /* SpendCategory.swift in Sources */ = {isa = PBXBuildFile; fileRef = 3BF3DE2DAA95012E652F3392 /* SpendCategory.swift */; };
		2E6F2D97FFCD86F90748A66C /* ShareParser.swift in Sources */ = {isa = PBXBuildFile; fileRef = F5D80F4F776E0564FC7F8201 /* ShareParser.swift */; };
		2E9BCFD2BBE8AC77DDAF4C6B /* OnboardingFlow.swift in Sources */ = {isa = PBXBuildFile; fileRef = 210AC728C284853DB7238733 /* OnboardingFlow.swift */; };
		301F07FA37534C328DC6AA6F /* DebugSeeder.swift in Sources */ = {isa = PBXBuildFile; fileRef = B3ABAFEF33AB24EADE9F540E /* DebugSeeder.swift */; };
		3250540CB941724ECD3D95A8 /* CapturePrefillTests.swift in Sources */ = {isa = PBXBuildFile; fileRef = F60213EFF64EA4A3F5924AED /* CapturePrefillTests.swift */; };
		32F0EE12DA061219B09071DA /* ShareViewController.swift in Sources */ = {isa = PBXBuildFile; fileRef = D1313CBDF617D18A21F9F2E9 /* ShareViewController.swift */; };
		3476CB7E522C20EE9E793A5B /* TapLogShortcutsProvider.swift in Sources */ = {isa = PBXBuildFile; fileRef = ACC67EF1B129BAF3036316D7 /* TapLogShortcutsProvider.swift */; };
		37E49062EB90FD7454E6141F /* IntentSupport.swift in Sources */ = {isa = PBXBuildFile; fileRef = 8AFDF5F905D85495CC043D15 /* IntentSupport.swift */; };
		3C7943A4295129D2204EB8F7 /* OnboardingFlowTests.swift in Sources */ = {isa = PBXBuildFile; fileRef = 3EC8711A571D36069B32250F /* OnboardingFlowTests.swift */; };
		3DC3F135860710F724D5FEDE /* QuickLogIntent.swift in Sources */ = {isa = PBXBuildFile; fileRef = 9CCFD7C9C1623952E799140E /* QuickLogIntent.swift */; };
		43D182AFC1658E8831D51AAA /* BudgetCalculator.swift in Sources */ = {isa = PBXBuildFile; fileRef = F329029C78879DE79A69EE09 /* BudgetCalculator.swift */; };
		458C5F0772D39EB04AC604D9 /* TapLogWidget.appex in Embed Foundation Extensions */ = {isa = PBXBuildFile; fileRef = C5F641E7F91BA446B4783A55 /* TapLogWidget.appex */; settings = {ATTRIBUTES = (RemoveHeadersOnCopy, ); }; };
		473818FD29C8AA1B87935510 /* TimeBucket.swift in Sources */ = {isa = PBXBuildFile; fileRef = 7DD6A7AF092AF09A67270576 /* TimeBucket.swift */; };
		494EE6FABA03802CC3E6CDEA /* EntryRowView.swift in Sources */ = {isa = PBXBuildFile; fileRef = 05DE4D63F839A1FC98CE3CC4 /* EntryRowView.swift */; };
		4AF040C455CC9F3F424076FC /* AmountTextField.swift in Sources */ = {isa = PBXBuildFile; fileRef = E61E6D1F80EEF58F89B322BC /* AmountTextField.swift */; };
		4BA53740A22BDA4BE58BB8A8 /* CaptureBookkeepingTests.swift in Sources */ = {isa = PBXBuildFile; fileRef = 61FEEF255C865D34F51F7B91 /* CaptureBookkeepingTests.swift */; };
		517CA2752492795FF822A77F /* UndoStackTests.swift in Sources */ = {isa = PBXBuildFile; fileRef = EE5755275B1B7EDCCE0DC33B /* UndoStackTests.swift */; };
		547769EC100751C7458552E2 /* TapLogControlWidget.swift in Sources */ = {isa = PBXBuildFile; fileRef = B9DFFBA84BFB8F6EF268CCB4 /* TapLogControlWidget.swift */; };
		564D486201F2A0EC049A833D /* TapLogApp.swift in Sources */ = {isa = PBXBuildFile; fileRef = 0B07A4859D752E1C04081F18 /* TapLogApp.swift */; };
		57D04FC2A52051890047230F /* CategoryManageView.swift in Sources */ = {isa = PBXBuildFile; fileRef = 050E9E68352EA3E37605FE71 /* CategoryManageView.swift */; };
		58044425907448C520D7A63D /* StoreLocator.swift in Sources */ = {isa = PBXBuildFile; fileRef = A781E9B64AAEA272FA487658 /* StoreLocator.swift */; };
		5B5B4E010F25507C430EA1AE /* Assets.xcassets in Resources */ = {isa = PBXBuildFile; fileRef = F865E8F6018E54552CFB9CC1 /* Assets.xcassets */; };
		5B92ECAC89AD9816F7A5A444 /* CaptureBookkeeping.swift in Sources */ = {isa = PBXBuildFile; fileRef = C3F7C64942F6820DBC00A43F /* CaptureBookkeeping.swift */; };
		5F671BC0FCCA7E9800A2A044 /* CaptureForm.swift in Sources */ = {isa = PBXBuildFile; fileRef = 2CAC674E8E824850DF01E0ED /* CaptureForm.swift */; };
		62EC609BE55A806E0181FD63 /* StoreLocator.swift in Sources */ = {isa = PBXBuildFile; fileRef = A781E9B64AAEA272FA487658 /* StoreLocator.swift */; };
		654FE0290D434A453699DD27 /* Money.swift in Sources */ = {isa = PBXBuildFile; fileRef = 3E288AE6E7A4297523866942 /* Money.swift */; };
		6EAE93A9D17930A34279BBA0 /* CSVExporterTests.swift in Sources */ = {isa = PBXBuildFile; fileRef = 40526EBEDA350B87189991D6 /* CSVExporterTests.swift */; };
		6F0F50E8824E78BC1D7F8C7F /* OpenCaptureIntentTests.swift in Sources */ = {isa = PBXBuildFile; fileRef = 8CDF629996C6BC1B1C2D0187 /* OpenCaptureIntentTests.swift */; };
		70186E15E278587B332A0229 /* WeeklyRingView.swift in Sources */ = {isa = PBXBuildFile; fileRef = 2983E22129651C0755248959 /* WeeklyRingView.swift */; };
		7CF118853A08588EC1E210DD /* AmountInputFilter.swift in Sources */ = {isa = PBXBuildFile; fileRef = 37EBEBC7026B1A2D05767961 /* AmountInputFilter.swift */; };
		7E3C9F68292A061AABA7806C /* TreeMark.swift in Sources */ = {isa = PBXBuildFile; fileRef = A6DF1C21877AEDEBAE486B62 /* TreeMark.swift */; };
		81E2753C030895E72AB06B0B /* FeatureExplainer.swift in Sources */ = {isa = PBXBuildFile; fileRef = CB38DB67D7BAE0F3254A4436 /* FeatureExplainer.swift */; };
		8CE70B98B9C3944E1BF4634D /* ContentView.swift in Sources */ = {isa = PBXBuildFile; fileRef = 991D5BACEE57C2FC20B39564 /* ContentView.swift */; };
		8CEDFE125F57EF2D49C58BAB /* SpendWidget.swift in Sources */ = {isa = PBXBuildFile; fileRef = 8AFDA712F13988B761C89CF1 /* SpendWidget.swift */; };
		8FD6B5B53E4E7526850DD72D /* LogExpenseIntent.swift in Sources */ = {isa = PBXBuildFile; fileRef = 3D624420DCFD82FB945A607A /* LogExpenseIntent.swift */; };
		918FC202598E02AC6F1027B9 /* StoreLocatorTests.swift in Sources */ = {isa = PBXBuildFile; fileRef = 49755A7016E44B7F1042415C /* StoreLocatorTests.swift */; };
		9305AA5EEDE873C20697A888 /* QuickLogIntent.swift in Sources */ = {isa = PBXBuildFile; fileRef = 9CCFD7C9C1623952E799140E /* QuickLogIntent.swift */; };
		934E3242625C35BED0B96BD7 /* AnimatedLogoView.swift in Sources */ = {isa = PBXBuildFile; fileRef = 4BA74CF6D87B3967129B30B2 /* AnimatedLogoView.swift */; };
		935B66767E2C57C360E8072A /* StoreLocator.swift in Sources */ = {isa = PBXBuildFile; fileRef = A781E9B64AAEA272FA487658 /* StoreLocator.swift */; };
		93620DDAD2EB03F6DD778785 /* ShareParser.swift in Sources */ = {isa = PBXBuildFile; fileRef = F5D80F4F776E0564FC7F8201 /* ShareParser.swift */; };
		964B42C5BDDB3315C60A46E9 /* RetentionManager.swift in Sources */ = {isa = PBXBuildFile; fileRef = AC4A8904E421B41AB3B22AD0 /* RetentionManager.swift */; };
		96C8A026B355082E77E556A2 /* EntryListView.swift in Sources */ = {isa = PBXBuildFile; fileRef = CE40F61B2DF72FE7EF9035AF /* EntryListView.swift */; };
		9BF6F9DEACE1F4F15E33995B /* MoneyTests.swift in Sources */ = {isa = PBXBuildFile; fileRef = 4EB99B5662BD9B4C2793C718 /* MoneyTests.swift */; };
		9C7CF920476DCA622A0ADAD0 /* CaptureBookkeeping.swift in Sources */ = {isa = PBXBuildFile; fileRef = C3F7C64942F6820DBC00A43F /* CaptureBookkeeping.swift */; };
		A053856F440889544F06D2C1 /* RecapMathTests.swift in Sources */ = {isa = PBXBuildFile; fileRef = F5A6873766A3AAC068A5CF04 /* RecapMathTests.swift */; };
		A9F4C4A2646DC185EAB4F8B2 /* AmountInputFilter.swift in Sources */ = {isa = PBXBuildFile; fileRef = 37EBEBC7026B1A2D05767961 /* AmountInputFilter.swift */; };
		AC7E61336FFA39CD1A104DE6 /* Entry.swift in Sources */ = {isa = PBXBuildFile; fileRef = 5E06859D8DD2DC20B4D96A32 /* Entry.swift */; };
		AF5FAC9F8AF883608D9C5562 /* WelcomeView.swift in Sources */ = {isa = PBXBuildFile; fileRef = 7867E24E221AC6122BCDA234 /* WelcomeView.swift */; };
		B2856953B3FFDD3F05D4699A /* BudgetTargetEditor.swift in Sources */ = {isa = PBXBuildFile; fileRef = 101ACAC9E5097E0742075CEE /* BudgetTargetEditor.swift */; };
		B43EF9AC9E469CF685DE3A9B /* BudgetSetupView.swift in Sources */ = {isa = PBXBuildFile; fileRef = 3FF5B7CC3A02BEBA45C89BA1 /* BudgetSetupView.swift */; };
		B5927A0A110705F9BD5C42A9 /* BudgetCalculatorTests.swift in Sources */ = {isa = PBXBuildFile; fileRef = 5B454363C9AF47F9F64BE104 /* BudgetCalculatorTests.swift */; };
		BAA215AEB6EB92DDBE543F6A /* Entry.swift in Sources */ = {isa = PBXBuildFile; fileRef = 5E06859D8DD2DC20B4D96A32 /* Entry.swift */; };
		BB76D8D3AB714C8081432CC6 /* CapturePrefill.swift in Sources */ = {isa = PBXBuildFile; fileRef = 4CBA4D4E213F6B83EB33639D /* CapturePrefill.swift */; };
		C2737376F33598D3B3021A62 /* RetentionManager.swift in Sources */ = {isa = PBXBuildFile; fileRef = AC4A8904E421B41AB3B22AD0 /* RetentionManager.swift */; };
		C36F23736DBB27A19B89D13E /* CaptureBookkeeping.swift in Sources */ = {isa = PBXBuildFile; fileRef = C3F7C64942F6820DBC00A43F /* CaptureBookkeeping.swift */; };
		C43E0B895B64A75176F53DAE /* RetentionManagerTests.swift in Sources */ = {isa = PBXBuildFile; fileRef = 9380549822DEC6CE9FCD846D /* RetentionManagerTests.swift */; };
		C54D8C953287D1116C24A803 /* SpendCategory.swift in Sources */ = {isa = PBXBuildFile; fileRef = 3BF3DE2DAA95012E652F3392 /* SpendCategory.swift */; };
		C915094ED8B0CF14FE7C068C /* RetentionManager.swift in Sources */ = {isa = PBXBuildFile; fileRef = AC4A8904E421B41AB3B22AD0 /* RetentionManager.swift */; };
		CEADB6C297B760768476F0C7 /* Entry.swift in Sources */ = {isa = PBXBuildFile; fileRef = 5E06859D8DD2DC20B4D96A32 /* Entry.swift */; };
		CED590693197D171DAE1BEFD /* WeeklyRecapView.swift in Sources */ = {isa = PBXBuildFile; fileRef = 02C8CB826A1268661AB0A657 /* WeeklyRecapView.swift */; };
		D080D8C375310E1E3F7670C3 /* UndoToast.swift in Sources */ = {isa = PBXBuildFile; fileRef = 41FB7CC857B85AD2F6C016F5 /* UndoToast.swift */; };
		D2324CF363C4BE1F332931B9 /* IntentSupport.swift in Sources */ = {isa = PBXBuildFile; fileRef = 8AFDF5F905D85495CC043D15 /* IntentSupport.swift */; };
		DAB5FB1B828F5A7F628C6DC9 /* AmountInputFilterTests.swift in Sources */ = {isa = PBXBuildFile; fileRef = 0E6D105128814FF5976611B2 /* AmountInputFilterTests.swift */; };
		DABDD1131FE8B6E4541DC315 /* SpendCategory.swift in Sources */ = {isa = PBXBuildFile; fileRef = 3BF3DE2DAA95012E652F3392 /* SpendCategory.swift */; };
		E177EC93F4160211C460AAA6 /* CategoryEntity.swift in Sources */ = {isa = PBXBuildFile; fileRef = 9779FFE83DC74430532BAEA4 /* CategoryEntity.swift */; };
		E37461D086CDA7EFB0634484 /* UndoStack.swift in Sources */ = {isa = PBXBuildFile; fileRef = 52F262C9AE91426858ADB810 /* UndoStack.swift */; };
		EAB42C3D2592A69E61F4D393 /* AmountInputFilter.swift in Sources */ = {isa = PBXBuildFile; fileRef = 37EBEBC7026B1A2D05767961 /* AmountInputFilter.swift */; };
		EBD36511DF423247C3455D83 /* TapLogShare.appex in Embed Foundation Extensions */ = {isa = PBXBuildFile; fileRef = F616AC66CBCE53CF8CAB9A65 /* TapLogShare.appex */; settings = {ATTRIBUTES = (RemoveHeadersOnCopy, ); }; };
		EDAE63C361499BD772BB5803 /* TimeBucketTests.swift in Sources */ = {isa = PBXBuildFile; fileRef = 890EC89BF216C1F34145CD4A /* TimeBucketTests.swift */; };
		EF1BFBF97F6335E1AC0423E5 /* RecapMath.swift in Sources */ = {isa = PBXBuildFile; fileRef = 6C56A65200B9807EE40FEC45 /* RecapMath.swift */; };
		F050097AF5EEECD6B7266F2B /* Theme.swift in Sources */ = {isa = PBXBuildFile; fileRef = 0FC516F728D48F203896905E /* Theme.swift */; };
		F3CCA6BC2DACB7FBAAA1A68D /* Money.swift in Sources */ = {isa = PBXBuildFile; fileRef = 3E288AE6E7A4297523866942 /* Money.swift */; };
		F7B7C2E00E1547FC08B5AF78 /* BudgetsView.swift in Sources */ = {isa = PBXBuildFile; fileRef = F01CDE21A570CB1DA2BCCC31 /* BudgetsView.swift */; };
		FE0C41BD1EA95880437984EB /* ShareParserTests.swift in Sources */ = {isa = PBXBuildFile; fileRef = 13A258162CA563136B4721E8 /* ShareParserTests.swift */; };
		FEF818A35145A6C277821743 /* TimeBucket.swift in Sources */ = {isa = PBXBuildFile; fileRef = 7DD6A7AF092AF09A67270576 /* TimeBucket.swift */; };
/* End PBXBuildFile section */

/* Begin PBXContainerItemProxy section */
		11D30F98EF3A7BB0DC92D613 /* PBXContainerItemProxy */ = {
			isa = PBXContainerItemProxy;
			containerPortal = 1C6644AA9CD3D222F4CB713D /* Project object */;
			proxyType = 1;
			remoteGlobalIDString = C68C7FF68B45F0C5A1F99592;
			remoteInfo = TapLog;
		};
		279455DC787698668F105AEE /* PBXContainerItemProxy */ = {
			isa = PBXContainerItemProxy;
			containerPortal = 1C6644AA9CD3D222F4CB713D /* Project object */;
			proxyType = 1;
			remoteGlobalIDString = FBAE260331CEC4A7F670AE0F;
			remoteInfo = TapLogShare;
		};
		91697090624F4A46AA53031D /* PBXContainerItemProxy */ = {
			isa = PBXContainerItemProxy;
			containerPortal = 1C6644AA9CD3D222F4CB713D /* Project object */;
			proxyType = 1;
			remoteGlobalIDString = 0ADA24EDFEDF80A58717CC5B;
			remoteInfo = TapLogWidget;
		};
/* End PBXContainerItemProxy section */

/* Begin PBXCopyFilesBuildPhase section */
		0BEBD79DE78583F8532EF4F9 /* Embed Foundation Extensions */ = {
			isa = PBXCopyFilesBuildPhase;
			buildActionMask = 2147483647;
			dstPath = "";
			dstSubfolderSpec = 13;
			files = (
				458C5F0772D39EB04AC604D9 /* TapLogWidget.appex in Embed Foundation Extensions */,
				EBD36511DF423247C3455D83 /* TapLogShare.appex in Embed Foundation Extensions */,
			);
			name = "Embed Foundation Extensions";
			runOnlyForDeploymentPostprocessing = 0;
		};
/* End PBXCopyFilesBuildPhase section */

/* Begin PBXFileReference section */
		02C8CB826A1268661AB0A657 /* WeeklyRecapView.swift */ = {isa = PBXFileReference; lastKnownFileType = sourcecode.swift; path = WeeklyRecapView.swift; sourceTree = "<group>"; };
		050E9E68352EA3E37605FE71 /* CategoryManageView.swift */ = {isa = PBXFileReference; lastKnownFileType = sourcecode.swift; path = CategoryManageView.swift; sourceTree = "<group>"; };
		05DE4D63F839A1FC98CE3CC4 /* EntryRowView.swift */ = {isa = PBXFileReference; lastKnownFileType = sourcecode.swift; path = EntryRowView.swift; sourceTree = "<group>"; };
		0B07A4859D752E1C04081F18 /* TapLogApp.swift */ = {isa = PBXFileReference; lastKnownFileType = sourcecode.swift; path = TapLogApp.swift; sourceTree = "<group>"; };
		0E6D105128814FF5976611B2 /* AmountInputFilterTests.swift */ = {isa = PBXFileReference; lastKnownFileType = sourcecode.swift; path = AmountInputFilterTests.swift; sourceTree = "<group>"; };
		0FC516F728D48F203896905E /* Theme.swift */ = {isa = PBXFileReference; lastKnownFileType = sourcecode.swift; path = Theme.swift; sourceTree = "<group>"; };
		101ACAC9E5097E0742075CEE /* BudgetTargetEditor.swift */ = {isa = PBXFileReference; lastKnownFileType = sourcecode.swift; path = BudgetTargetEditor.swift; sourceTree = "<group>"; };
		13A258162CA563136B4721E8 /* ShareParserTests.swift */ = {isa = PBXFileReference; lastKnownFileType = sourcecode.swift; path = ShareParserTests.swift; sourceTree = "<group>"; };
		210AC728C284853DB7238733 /* OnboardingFlow.swift */ = {isa = PBXFileReference; lastKnownFileType = sourcecode.swift; path = OnboardingFlow.swift; sourceTree = "<group>"; };
		2983E22129651C0755248959 /* WeeklyRingView.swift */ = {isa = PBXFileReference; lastKnownFileType = sourcecode.swift; path = WeeklyRingView.swift; sourceTree = "<group>"; };
		2CAC674E8E824850DF01E0ED /* CaptureForm.swift */ = {isa = PBXFileReference; lastKnownFileType = sourcecode.swift; path = CaptureForm.swift; sourceTree = "<group>"; };
		37EBEBC7026B1A2D05767961 /* AmountInputFilter.swift */ = {isa = PBXFileReference; lastKnownFileType = sourcecode.swift; path = AmountInputFilter.swift; sourceTree = "<group>"; };
		3BF3DE2DAA95012E652F3392 /* SpendCategory.swift */ = {isa = PBXFileReference; lastKnownFileType = sourcecode.swift; path = SpendCategory.swift; sourceTree = "<group>"; };
		3D624420DCFD82FB945A607A /* LogExpenseIntent.swift */ = {isa = PBXFileReference; lastKnownFileType = sourcecode.swift; path = LogExpenseIntent.swift; sourceTree = "<group>"; };
		3E288AE6E7A4297523866942 /* Money.swift */ = {isa = PBXFileReference; lastKnownFileType = sourcecode.swift; path = Money.swift; sourceTree = "<group>"; };
		3EC8711A571D36069B32250F /* OnboardingFlowTests.swift */ = {isa = PBXFileReference; lastKnownFileType = sourcecode.swift; path = OnboardingFlowTests.swift; sourceTree = "<group>"; };
		3FF5B7CC3A02BEBA45C89BA1 /* BudgetSetupView.swift */ = {isa = PBXFileReference; lastKnownFileType = sourcecode.swift; path = BudgetSetupView.swift; sourceTree = "<group>"; };
		40526EBEDA350B87189991D6 /* CSVExporterTests.swift */ = {isa = PBXFileReference; lastKnownFileType = sourcecode.swift; path = CSVExporterTests.swift; sourceTree = "<group>"; };
		41FB7CC857B85AD2F6C016F5 /* UndoToast.swift */ = {isa = PBXFileReference; lastKnownFileType = sourcecode.swift; path = UndoToast.swift; sourceTree = "<group>"; };
		49755A7016E44B7F1042415C /* StoreLocatorTests.swift */ = {isa = PBXFileReference; lastKnownFileType = sourcecode.swift; path = StoreLocatorTests.swift; sourceTree = "<group>"; };
		4B3F20CAA7F3778A486477A5 /* SettingsView.swift */ = {isa = PBXFileReference; lastKnownFileType = sourcecode.swift; path = SettingsView.swift; sourceTree = "<group>"; };
		4BA74CF6D87B3967129B30B2 /* AnimatedLogoView.swift */ = {isa = PBXFileReference; lastKnownFileType = sourcecode.swift; path = AnimatedLogoView.swift; sourceTree = "<group>"; };
		4CBA4D4E213F6B83EB33639D /* CapturePrefill.swift */ = {isa = PBXFileReference; lastKnownFileType = sourcecode.swift; path = CapturePrefill.swift; sourceTree = "<group>"; };
		4EB99B5662BD9B4C2793C718 /* MoneyTests.swift */ = {isa = PBXFileReference; lastKnownFileType = sourcecode.swift; path = MoneyTests.swift; sourceTree = "<group>"; };
		52F262C9AE91426858ADB810 /* UndoStack.swift */ = {isa = PBXFileReference; lastKnownFileType = sourcecode.swift; path = UndoStack.swift; sourceTree = "<group>"; };
		549B39D3541189E897AF5D32 /* TapLog.app */ = {isa = PBXFileReference; includeInIndex = 0; lastKnownFileType = wrapper.application; path = TapLog.app; sourceTree = BUILT_PRODUCTS_DIR; };
		5B454363C9AF47F9F64BE104 /* BudgetCalculatorTests.swift */ = {isa = PBXFileReference; lastKnownFileType = sourcecode.swift; path = BudgetCalculatorTests.swift; sourceTree = "<group>"; };
		5E06859D8DD2DC20B4D96A32 /* Entry.swift */ = {isa = PBXFileReference; lastKnownFileType = sourcecode.swift; path = Entry.swift; sourceTree = "<group>"; };
		5ECFDD7A235B57950FEB84D8 /* SetupFrontDoorsView.swift */ = {isa = PBXFileReference; lastKnownFileType = sourcecode.swift; path = SetupFrontDoorsView.swift; sourceTree = "<group>"; };
		61FEEF255C865D34F51F7B91 /* CaptureBookkeepingTests.swift */ = {isa = PBXFileReference; lastKnownFileType = sourcecode.swift; path = CaptureBookkeepingTests.swift; sourceTree = "<group>"; };
		6C56A65200B9807EE40FEC45 /* RecapMath.swift */ = {isa = PBXFileReference; lastKnownFileType = sourcecode.swift; path = RecapMath.swift; sourceTree = "<group>"; };
		6FCAFA2601272F61B499A280 /* OnboardingCategoriesView.swift */ = {isa = PBXFileReference; lastKnownFileType = sourcecode.swift; path = OnboardingCategoriesView.swift; sourceTree = "<group>"; };
		7867E24E221AC6122BCDA234 /* WelcomeView.swift */ = {isa = PBXFileReference; lastKnownFileType = sourcecode.swift; path = WelcomeView.swift; sourceTree = "<group>"; };
		7DD6A7AF092AF09A67270576 /* TimeBucket.swift */ = {isa = PBXFileReference; lastKnownFileType = sourcecode.swift; path = TimeBucket.swift; sourceTree = "<group>"; };
		81FFDEB986BB922DED4CE884 /* OpenCaptureIntent.swift */ = {isa = PBXFileReference; lastKnownFileType = sourcecode.swift; path = OpenCaptureIntent.swift; sourceTree = "<group>"; };
		890EC89BF216C1F34145CD4A /* TimeBucketTests.swift */ = {isa = PBXFileReference; lastKnownFileType = sourcecode.swift; path = TimeBucketTests.swift; sourceTree = "<group>"; };
		8AFDA712F13988B761C89CF1 /* SpendWidget.swift */ = {isa = PBXFileReference; lastKnownFileType = sourcecode.swift; path = SpendWidget.swift; sourceTree = "<group>"; };
		8AFDF5F905D85495CC043D15 /* IntentSupport.swift */ = {isa = PBXFileReference; lastKnownFileType = sourcecode.swift; path = IntentSupport.swift; sourceTree = "<group>"; };
		8CDF629996C6BC1B1C2D0187 /* OpenCaptureIntentTests.swift */ = {isa = PBXFileReference; lastKnownFileType = sourcecode.swift; path = OpenCaptureIntentTests.swift; sourceTree = "<group>"; };
		9380549822DEC6CE9FCD846D /* RetentionManagerTests.swift */ = {isa = PBXFileReference; lastKnownFileType = sourcecode.swift; path = RetentionManagerTests.swift; sourceTree = "<group>"; };
		9779FFE83DC74430532BAEA4 /* CategoryEntity.swift */ = {isa = PBXFileReference; lastKnownFileType = sourcecode.swift; path = CategoryEntity.swift; sourceTree = "<group>"; };
		991D5BACEE57C2FC20B39564 /* ContentView.swift */ = {isa = PBXFileReference; lastKnownFileType = sourcecode.swift; path = ContentView.swift; sourceTree = "<group>"; };
		9CCFD7C9C1623952E799140E /* QuickLogIntent.swift */ = {isa = PBXFileReference; lastKnownFileType = sourcecode.swift; path = QuickLogIntent.swift; sourceTree = "<group>"; };
		A6DF1C21877AEDEBAE486B62 /* TreeMark.swift */ = {isa = PBXFileReference; lastKnownFileType = sourcecode.swift; path = TreeMark.swift; sourceTree = "<group>"; };
		A781E9B64AAEA272FA487658 /* StoreLocator.swift */ = {isa = PBXFileReference; lastKnownFileType = sourcecode.swift; path = StoreLocator.swift; sourceTree = "<group>"; };
		AC4A8904E421B41AB3B22AD0 /* RetentionManager.swift */ = {isa = PBXFileReference; lastKnownFileType = sourcecode.swift; path = RetentionManager.swift; sourceTree = "<group>"; };
		ACC67EF1B129BAF3036316D7 /* TapLogShortcutsProvider.swift */ = {isa = PBXFileReference; lastKnownFileType = sourcecode.swift; path = TapLogShortcutsProvider.swift; sourceTree = "<group>"; };
		B3ABAFEF33AB24EADE9F540E /* DebugSeeder.swift */ = {isa = PBXFileReference; lastKnownFileType = sourcecode.swift; path = DebugSeeder.swift; sourceTree = "<group>"; };
		B981E1CD86D1D49E1B89DAAA /* PersistenceTests.swift */ = {isa = PBXFileReference; lastKnownFileType = sourcecode.swift; path = PersistenceTests.swift; sourceTree = "<group>"; };
		B9DFFBA84BFB8F6EF268CCB4 /* TapLogControlWidget.swift */ = {isa = PBXFileReference; lastKnownFileType = sourcecode.swift; path = TapLogControlWidget.swift; sourceTree = "<group>"; };
		BE6D869DDDC20393088C7D57 /* TapLogWidgetBundle.swift */ = {isa = PBXFileReference; lastKnownFileType = sourcecode.swift; path = TapLogWidgetBundle.swift; sourceTree = "<group>"; };
		C3F7C64942F6820DBC00A43F /* CaptureBookkeeping.swift */ = {isa = PBXFileReference; lastKnownFileType = sourcecode.swift; path = CaptureBookkeeping.swift; sourceTree = "<group>"; };
		C5F641E7F91BA446B4783A55 /* TapLogWidget.appex */ = {isa = PBXFileReference; includeInIndex = 0; lastKnownFileType = "wrapper.app-extension"; path = TapLogWidget.appex; sourceTree = BUILT_PRODUCTS_DIR; };
		CB38DB67D7BAE0F3254A4436 /* FeatureExplainer.swift */ = {isa = PBXFileReference; lastKnownFileType = sourcecode.swift; path = FeatureExplainer.swift; sourceTree = "<group>"; };
		CE40F61B2DF72FE7EF9035AF /* EntryListView.swift */ = {isa = PBXFileReference; lastKnownFileType = sourcecode.swift; path = EntryListView.swift; sourceTree = "<group>"; };
		D1313CBDF617D18A21F9F2E9 /* ShareViewController.swift */ = {isa = PBXFileReference; lastKnownFileType = sourcecode.swift; path = ShareViewController.swift; sourceTree = "<group>"; };
		DE26898A296300C98D396FFB /* TapLogTests.xctest */ = {isa = PBXFileReference; includeInIndex = 0; lastKnownFileType = wrapper.cfbundle; path = TapLogTests.xctest; sourceTree = BUILT_PRODUCTS_DIR; };
		E47FDDD9D72A53C355B60DEF /* LogHomeView.swift */ = {isa = PBXFileReference; lastKnownFileType = sourcecode.swift; path = LogHomeView.swift; sourceTree = "<group>"; };
		E61E6D1F80EEF58F89B322BC /* AmountTextField.swift */ = {isa = PBXFileReference; lastKnownFileType = sourcecode.swift; path = AmountTextField.swift; sourceTree = "<group>"; };
		EE5755275B1B7EDCCE0DC33B /* UndoStackTests.swift */ = {isa = PBXFileReference; lastKnownFileType = sourcecode.swift; path = UndoStackTests.swift; sourceTree = "<group>"; };
		F01CDE21A570CB1DA2BCCC31 /* BudgetsView.swift */ = {isa = PBXFileReference; lastKnownFileType = sourcecode.swift; path = BudgetsView.swift; sourceTree = "<group>"; };
		F329029C78879DE79A69EE09 /* BudgetCalculator.swift */ = {isa = PBXFileReference; lastKnownFileType = sourcecode.swift; path = BudgetCalculator.swift; sourceTree = "<group>"; };
		F39BE7063CC4D232FC7DD8D1 /* CSVExporter.swift */ = {isa = PBXFileReference; lastKnownFileType = sourcecode.swift; path = CSVExporter.swift; sourceTree = "<group>"; };
		F5A6873766A3AAC068A5CF04 /* RecapMathTests.swift */ = {isa = PBXFileReference; lastKnownFileType = sourcecode.swift; path = RecapMathTests.swift; sourceTree = "<group>"; };
		F5D80F4F776E0564FC7F8201 /* ShareParser.swift */ = {isa = PBXFileReference; lastKnownFileType = sourcecode.swift; path = ShareParser.swift; sourceTree = "<group>"; };
		F60213EFF64EA4A3F5924AED /* CapturePrefillTests.swift */ = {isa = PBXFileReference; lastKnownFileType = sourcecode.swift; path = CapturePrefillTests.swift; sourceTree = "<group>"; };
		F616AC66CBCE53CF8CAB9A65 /* TapLogShare.appex */ = {isa = PBXFileReference; includeInIndex = 0; lastKnownFileType = "wrapper.app-extension"; path = TapLogShare.appex; sourceTree = BUILT_PRODUCTS_DIR; };
		F865E8F6018E54552CFB9CC1 /* Assets.xcassets */ = {isa = PBXFileReference; lastKnownFileType = folder.assetcatalog; path = Assets.xcassets; sourceTree = "<group>"; };
/* End PBXFileReference section */

/* Begin PBXGroup section */
		02F8445422A8AF3C900ADC7C /* Products */ = {
			isa = PBXGroup;
			children = (
				549B39D3541189E897AF5D32 /* TapLog.app */,
				F616AC66CBCE53CF8CAB9A65 /* TapLogShare.appex */,
				DE26898A296300C98D396FFB /* TapLogTests.xctest */,
				C5F641E7F91BA446B4783A55 /* TapLogWidget.appex */,
			);
			name = Products;
			sourceTree = "<group>";
		};
		05F3ECDC45ED95C9C0E5F69A /* Retention */ = {
			isa = PBXGroup;
			children = (
				2983E22129651C0755248959 /* WeeklyRingView.swift */,
			);
			path = Retention;
			sourceTree = "<group>";
		};
		101B4A14EB9C080DF4FC1EB3 /* Undo */ = {
			isa = PBXGroup;
			children = (
				52F262C9AE91426858ADB810 /* UndoStack.swift */,
			);
			path = Undo;
			sourceTree = "<group>";
		};
		1B281922AE3E2DBC3A1EE88A /* Tests */ = {
			isa = PBXGroup;
			children = (
				4654B39150AE735AA50E660C /* TapLogTests */,
			);
			path = Tests;
			sourceTree = "<group>";
		};
		377B4091CE0E241D73106BF9 /* Shared */ = {
			isa = PBXGroup;
			children = (
				37EBEBC7026B1A2D05767961 /* AmountInputFilter.swift */,
				C3F7C64942F6820DBC00A43F /* CaptureBookkeeping.swift */,
				8AFDF5F905D85495CC043D15 /* IntentSupport.swift */,
				3E288AE6E7A4297523866942 /* Money.swift */,
				AC4A8904E421B41AB3B22AD0 /* RetentionManager.swift */,
				F5D80F4F776E0564FC7F8201 /* ShareParser.swift */,
				A781E9B64AAEA272FA487658 /* StoreLocator.swift */,
				7DD6A7AF092AF09A67270576 /* TimeBucket.swift */,
			);
			path = Shared;
			sourceTree = "<group>";
		};
		4093F69C4B6BD21897921237 /* Sources */ = {
			isa = PBXGroup;
			children = (
				DD419AD43FC28DD18EB4FD91 /* TapLog */,
				48A0F0DD26E15EF914B64A9D /* TapLogShare */,
				411B9F33292450102E826BAE /* TapLogWidget */,
			);
			path = Sources;
			sourceTree = "<group>";
		};
		411B9F33292450102E826BAE /* TapLogWidget */ = {
			isa = PBXGroup;
			children = (
				8AFDA712F13988B761C89CF1 /* SpendWidget.swift */,
				B9DFFBA84BFB8F6EF268CCB4 /* TapLogControlWidget.swift */,
				BE6D869DDDC20393088C7D57 /* TapLogWidgetBundle.swift */,
			);
			path = TapLogWidget;
			sourceTree = "<group>";
		};
		4654B39150AE735AA50E660C /* TapLogTests */ = {
			isa = PBXGroup;
			children = (
				0E6D105128814FF5976611B2 /* AmountInputFilterTests.swift */,
				5B454363C9AF47F9F64BE104 /* BudgetCalculatorTests.swift */,
				61FEEF255C865D34F51F7B91 /* CaptureBookkeepingTests.swift */,
				F60213EFF64EA4A3F5924AED /* CapturePrefillTests.swift */,
				40526EBEDA350B87189991D6 /* CSVExporterTests.swift */,
				4EB99B5662BD9B4C2793C718 /* MoneyTests.swift */,
				3EC8711A571D36069B32250F /* OnboardingFlowTests.swift */,
				8CDF629996C6BC1B1C2D0187 /* OpenCaptureIntentTests.swift */,
				B981E1CD86D1D49E1B89DAAA /* PersistenceTests.swift */,
				F5A6873766A3AAC068A5CF04 /* RecapMathTests.swift */,
				9380549822DEC6CE9FCD846D /* RetentionManagerTests.swift */,
				13A258162CA563136B4721E8 /* ShareParserTests.swift */,
				49755A7016E44B7F1042415C /* StoreLocatorTests.swift */,
				890EC89BF216C1F34145CD4A /* TimeBucketTests.swift */,
				EE5755275B1B7EDCCE0DC33B /* UndoStackTests.swift */,
			);
			path = TapLogTests;
			sourceTree = "<group>";
		};
		48A0F0DD26E15EF914B64A9D /* TapLogShare */ = {
			isa = PBXGroup;
			children = (
				D1313CBDF617D18A21F9F2E9 /* ShareViewController.swift */,
			);
			path = TapLogShare;
			sourceTree = "<group>";
		};
		50C4952E1602F8B48DCACC13 /* Export */ = {
			isa = PBXGroup;
			children = (
				F39BE7063CC4D232FC7DD8D1 /* CSVExporter.swift */,
			);
			path = Export;
			sourceTree = "<group>";
		};
		535EFC3F4E05F3208924FF99 /* Models */ = {
			isa = PBXGroup;
			children = (
				5E06859D8DD2DC20B4D96A32 /* Entry.swift */,
				3BF3DE2DAA95012E652F3392 /* SpendCategory.swift */,
			);
			path = Models;
			sourceTree = "<group>";
		};
		6A03652C1F6AD5B67CB56754 /* Settings */ = {
			isa = PBXGroup;
			children = (
				4B3F20CAA7F3778A486477A5 /* SettingsView.swift */,
			);
			path = Settings;
			sourceTree = "<group>";
		};
		8061F7A43588DD4518500D3E /* List */ = {
			isa = PBXGroup;
			children = (
				CE40F61B2DF72FE7EF9035AF /* EntryListView.swift */,
				05DE4D63F839A1FC98CE3CC4 /* EntryRowView.swift */,
				41FB7CC857B85AD2F6C016F5 /* UndoToast.swift */,
			);
			path = List;
			sourceTree = "<group>";
		};
		8928809563340000F6DB6FA4 /* Theme */ = {
			isa = PBXGroup;
			children = (
				4BA74CF6D87B3967129B30B2 /* AnimatedLogoView.swift */,
				0FC516F728D48F203896905E /* Theme.swift */,
			);
			path = Theme;
			sourceTree = "<group>";
		};
		9BE5902B46A636176A849DA2 /* AppIntents */ = {
			isa = PBXGroup;
			children = (
				9779FFE83DC74430532BAEA4 /* CategoryEntity.swift */,
				3D624420DCFD82FB945A607A /* LogExpenseIntent.swift */,
				81FFDEB986BB922DED4CE884 /* OpenCaptureIntent.swift */,
				9CCFD7C9C1623952E799140E /* QuickLogIntent.swift */,
				ACC67EF1B129BAF3036316D7 /* TapLogShortcutsProvider.swift */,
			);
			path = AppIntents;
			sourceTree = "<group>";
		};
		DB46199CC2722490B5AFBD71 /* Debug */ = {
			isa = PBXGroup;
			children = (
				B3ABAFEF33AB24EADE9F540E /* DebugSeeder.swift */,
			);
			path = Debug;
			sourceTree = "<group>";
		};
		DD419AD43FC28DD18EB4FD91 /* TapLog */ = {
			isa = PBXGroup;
			children = (
				F865E8F6018E54552CFB9CC1 /* Assets.xcassets */,
				991D5BACEE57C2FC20B39564 /* ContentView.swift */,
				0B07A4859D752E1C04081F18 /* TapLogApp.swift */,
				9BE5902B46A636176A849DA2 /* AppIntents */,
				F0F3EEB5F6B4EC2C693BF004 /* Budget */,
				F9BF45D897A49CD3D6646FF0 /* Capture */,
				DB46199CC2722490B5AFBD71 /* Debug */,
				EADA5AF07CE726CB1EFB30DB /* DeepLink */,
				50C4952E1602F8B48DCACC13 /* Export */,
				8061F7A43588DD4518500D3E /* List */,
				535EFC3F4E05F3208924FF99 /* Models */,
				E5CAD5CE754A14CEB143C9BA /* Onboarding */,
				EA7A8FEFEB3638FC13AA5ABB /* Recap */,
				05F3ECDC45ED95C9C0E5F69A /* Retention */,
				6A03652C1F6AD5B67CB56754 /* Settings */,
				377B4091CE0E241D73106BF9 /* Shared */,
				8928809563340000F6DB6FA4 /* Theme */,
				101B4A14EB9C080DF4FC1EB3 /* Undo */,
			);
			path = TapLog;
			sourceTree = "<group>";
		};
		E5CAD5CE754A14CEB143C9BA /* Onboarding */ = {
			isa = PBXGroup;
			children = (
				CB38DB67D7BAE0F3254A4436 /* FeatureExplainer.swift */,
				6FCAFA2601272F61B499A280 /* OnboardingCategoriesView.swift */,
				210AC728C284853DB7238733 /* OnboardingFlow.swift */,
				5ECFDD7A235B57950FEB84D8 /* SetupFrontDoorsView.swift */,
				7867E24E221AC6122BCDA234 /* WelcomeView.swift */,
			);
			path = Onboarding;
			sourceTree = "<group>";
		};
		EA7A8FEFEB3638FC13AA5ABB /* Recap */ = {
			isa = PBXGroup;
			children = (
				6C56A65200B9807EE40FEC45 /* RecapMath.swift */,
				02C8CB826A1268661AB0A657 /* WeeklyRecapView.swift */,
			);
			path = Recap;
			sourceTree = "<group>";
		};
		EADA5AF07CE726CB1EFB30DB /* DeepLink */ = {
			isa = PBXGroup;
			children = (
				4CBA4D4E213F6B83EB33639D /* CapturePrefill.swift */,
			);
			path = DeepLink;
			sourceTree = "<group>";
		};
		F0F3EEB5F6B4EC2C693BF004 /* Budget */ = {
			isa = PBXGroup;
			children = (
				F329029C78879DE79A69EE09 /* BudgetCalculator.swift */,
				3FF5B7CC3A02BEBA45C89BA1 /* BudgetSetupView.swift */,
				F01CDE21A570CB1DA2BCCC31 /* BudgetsView.swift */,
				101ACAC9E5097E0742075CEE /* BudgetTargetEditor.swift */,
				A6DF1C21877AEDEBAE486B62 /* TreeMark.swift */,
			);
			path = Budget;
			sourceTree = "<group>";
		};
		F9BF45D897A49CD3D6646FF0 /* Capture */ = {
			isa = PBXGroup;
			children = (
				E61E6D1F80EEF58F89B322BC /* AmountTextField.swift */,
				2CAC674E8E824850DF01E0ED /* CaptureForm.swift */,
				050E9E68352EA3E37605FE71 /* CategoryManageView.swift */,
				E47FDDD9D72A53C355B60DEF /* LogHomeView.swift */,
			);
			path = Capture;
			sourceTree = "<group>";
		};
		FBE596BDA7A5BA3D46DF81DE = {
			isa = PBXGroup;
			children = (
				4093F69C4B6BD21897921237 /* Sources */,
				1B281922AE3E2DBC3A1EE88A /* Tests */,
				02F8445422A8AF3C900ADC7C /* Products */,
			);
			sourceTree = "<group>";
		};
/* End PBXGroup section */

/* Begin PBXNativeTarget section */
		0ADA24EDFEDF80A58717CC5B /* TapLogWidget */ = {
			isa = PBXNativeTarget;
			buildConfigurationList = 4A1340FBB2EDD99950693A2A /* Build configuration list for PBXNativeTarget "TapLogWidget" */;
			buildPhases = (
				930E78B83D8BF60FC54AC728 /* Sources */,
			);
			buildRules = (
			);
			dependencies = (
			);
			name = TapLogWidget;
			packageProductDependencies = (
			);
			productName = TapLogWidget;
			productReference = C5F641E7F91BA446B4783A55 /* TapLogWidget.appex */;
			productType = "com.apple.product-type.app-extension";
		};
		4432B4AD069CDEABBA857446 /* TapLogTests */ = {
			isa = PBXNativeTarget;
			buildConfigurationList = F869C75E323A5CBC1192A694 /* Build configuration list for PBXNativeTarget "TapLogTests" */;
			buildPhases = (
				CBFA8760A58764A72515DE89 /* Sources */,
			);
			buildRules = (
			);
			dependencies = (
				999B9580C5016CDCBB877640 /* PBXTargetDependency */,
			);
			name = TapLogTests;
			packageProductDependencies = (
			);
			productName = TapLogTests;
			productReference = DE26898A296300C98D396FFB /* TapLogTests.xctest */;
			productType = "com.apple.product-type.bundle.unit-test";
		};
		C68C7FF68B45F0C5A1F99592 /* TapLog */ = {
			isa = PBXNativeTarget;
			buildConfigurationList = 2D91C4FB2CBFB8CEA08CE43B /* Build configuration list for PBXNativeTarget "TapLog" */;
			buildPhases = (
				2723C6FD2DC0AB8B6A773556 /* Sources */,
				4699CFB659F1AE5B84CBA891 /* Resources */,
				0BEBD79DE78583F8532EF4F9 /* Embed Foundation Extensions */,
			);
			buildRules = (
			);
			dependencies = (
				ED82D98E1F9C79646A6112BE /* PBXTargetDependency */,
				FE697CEBCAF4206A4506FE8C /* PBXTargetDependency */,
			);
			name = TapLog;
			packageProductDependencies = (
			);
			productName = TapLog;
			productReference = 549B39D3541189E897AF5D32 /* TapLog.app */;
			productType = "com.apple.product-type.application";
		};
		FBAE260331CEC4A7F670AE0F /* TapLogShare */ = {
			isa = PBXNativeTarget;
			buildConfigurationList = 96E2A177E76043BD02F3989D /* Build configuration list for PBXNativeTarget "TapLogShare" */;
			buildPhases = (
				E71609ADD56292AEC6D90E1B /* Sources */,
			);
			buildRules = (
			);
			dependencies = (
			);
			name = TapLogShare;
			packageProductDependencies = (
			);
			productName = TapLogShare;
			productReference = F616AC66CBCE53CF8CAB9A65 /* TapLogShare.appex */;
			productType = "com.apple.product-type.app-extension";
		};
/* End PBXNativeTarget section */

/* Begin PBXProject section */
		1C6644AA9CD3D222F4CB713D /* Project object */ = {
			isa = PBXProject;
			attributes = {
				BuildIndependentTargetsInParallel = YES;
				LastUpgradeCheck = 1430;
				TargetAttributes = {
					0ADA24EDFEDF80A58717CC5B = {
						DevelopmentTeam = FKM4DL483M;
						ProvisioningStyle = Automatic;
					};
					4432B4AD069CDEABBA857446 = {
						DevelopmentTeam = FKM4DL483M;
						ProvisioningStyle = Automatic;
					};
					C68C7FF68B45F0C5A1F99592 = {
						DevelopmentTeam = FKM4DL483M;
						ProvisioningStyle = Automatic;
					};
					FBAE260331CEC4A7F670AE0F = {
						DevelopmentTeam = FKM4DL483M;
						ProvisioningStyle = Automatic;
					};
				};
			};
			buildConfigurationList = F2D654F912F8C4D4BFB75093 /* Build configuration list for PBXProject "TapLog" */;
			developmentRegion = en;
			hasScannedForEncodings = 0;
			knownRegions = (
				Base,
				en,
			);
			mainGroup = FBE596BDA7A5BA3D46DF81DE;
			minimizedProjectReferenceProxies = 1;
			preferredProjectObjectVersion = 77;
			productRefGroup = 02F8445422A8AF3C900ADC7C /* Products */;
			projectDirPath = "";
			projectRoot = "";
			targets = (
				C68C7FF68B45F0C5A1F99592 /* TapLog */,
				0ADA24EDFEDF80A58717CC5B /* TapLogWidget */,
				FBAE260331CEC4A7F670AE0F /* TapLogShare */,
				4432B4AD069CDEABBA857446 /* TapLogTests */,
			);
		};
/* End PBXProject section */

/* Begin PBXResourcesBuildPhase section */
		4699CFB659F1AE5B84CBA891 /* Resources */ = {
			isa = PBXResourcesBuildPhase;
			buildActionMask = 2147483647;
			files = (
				5B5B4E010F25507C430EA1AE /* Assets.xcassets in Resources */,
			);
			runOnlyForDeploymentPostprocessing = 0;
		};
/* End PBXResourcesBuildPhase section */

/* Begin PBXSourcesBuildPhase section */
		2723C6FD2DC0AB8B6A773556 /* Sources */ = {
			isa = PBXSourcesBuildPhase;
			buildActionMask = 2147483647;
			files = (
				A9F4C4A2646DC185EAB4F8B2 /* AmountInputFilter.swift in Sources */,
				4AF040C455CC9F3F424076FC /* AmountTextField.swift in Sources */,
				934E3242625C35BED0B96BD7 /* AnimatedLogoView.swift in Sources */,
				43D182AFC1658E8831D51AAA /* BudgetCalculator.swift in Sources */,
				B43EF9AC9E469CF685DE3A9B /* BudgetSetupView.swift in Sources */,
				B2856953B3FFDD3F05D4699A /* BudgetTargetEditor.swift in Sources */,
				F7B7C2E00E1547FC08B5AF78 /* BudgetsView.swift in Sources */,
				03D459D8382BC1695FFB1F77 /* CSVExporter.swift in Sources */,
				C36F23736DBB27A19B89D13E /* CaptureBookkeeping.swift in Sources */,
				5F671BC0FCCA7E9800A2A044 /* CaptureForm.swift in Sources */,
				BB76D8D3AB714C8081432CC6 /* CapturePrefill.swift in Sources */,
				E177EC93F4160211C460AAA6 /* CategoryEntity.swift in Sources */,
				57D04FC2A52051890047230F /* CategoryManageView.swift in Sources */,
				8CE70B98B9C3944E1BF4634D /* ContentView.swift in Sources */,
				301F07FA37534C328DC6AA6F /* DebugSeeder.swift in Sources */,
				CEADB6C297B760768476F0C7 /* Entry.swift in Sources */,
				96C8A026B355082E77E556A2 /* EntryListView.swift in Sources */,
				494EE6FABA03802CC3E6CDEA /* EntryRowView.swift in Sources */,
				81E2753C030895E72AB06B0B /* FeatureExplainer.swift in Sources */,
				37E49062EB90FD7454E6141F /* IntentSupport.swift in Sources */,
				8FD6B5B53E4E7526850DD72D /* LogExpenseIntent.swift in Sources */,
				26306C88F962BCC08D7F9FDD /* LogHomeView.swift in Sources */,
				F3CCA6BC2DACB7FBAAA1A68D /* Money.swift in Sources */,
				16E73425085637DCCF43CD1C /* OnboardingCategoriesView.swift in Sources */,
				2E9BCFD2BBE8AC77DDAF4C6B /* OnboardingFlow.swift in Sources */,
				10FC99EA0CD361A92052B43D /* OpenCaptureIntent.swift in Sources */,
				3DC3F135860710F724D5FEDE /* QuickLogIntent.swift in Sources */,
				EF1BFBF97F6335E1AC0423E5 /* RecapMath.swift in Sources */,
				964B42C5BDDB3315C60A46E9 /* RetentionManager.swift in Sources */,
				02757F7C23442471CBA41280 /* SettingsView.swift in Sources */,
				2344142B18619D974F6B8ECA /* SetupFrontDoorsView.swift in Sources */,
				2E6F2D97FFCD86F90748A66C /* ShareParser.swift in Sources */,
				DABDD1131FE8B6E4541DC315 /* SpendCategory.swift in Sources */,
				935B66767E2C57C360E8072A /* StoreLocator.swift in Sources */,
				564D486201F2A0EC049A833D /* TapLogApp.swift in Sources */,
				3476CB7E522C20EE9E793A5B /* TapLogShortcutsProvider.swift in Sources */,
				F050097AF5EEECD6B7266F2B /* Theme.swift in Sources */,
				FEF818A35145A6C277821743 /* TimeBucket.swift in Sources */,
				7E3C9F68292A061AABA7806C /* TreeMark.swift in Sources */,
				E37461D086CDA7EFB0634484 /* UndoStack.swift in Sources */,
				D080D8C375310E1E3F7670C3 /* UndoToast.swift in Sources */,
				CED590693197D171DAE1BEFD /* WeeklyRecapView.swift in Sources */,
				70186E15E278587B332A0229 /* WeeklyRingView.swift in Sources */,
				AF5FAC9F8AF883608D9C5562 /* WelcomeView.swift in Sources */,
			);
			runOnlyForDeploymentPostprocessing = 0;
		};
		930E78B83D8BF60FC54AC728 /* Sources */ = {
			isa = PBXSourcesBuildPhase;
			buildActionMask = 2147483647;
			files = (
				EAB42C3D2592A69E61F4D393 /* AmountInputFilter.swift in Sources */,
				9C7CF920476DCA622A0ADAD0 /* CaptureBookkeeping.swift in Sources */,
				017FD19376E0BADA218A3604 /* CapturePrefill.swift in Sources */,
				BAA215AEB6EB92DDBE543F6A /* Entry.swift in Sources */,
				D2324CF363C4BE1F332931B9 /* IntentSupport.swift in Sources */,
				654FE0290D434A453699DD27 /* Money.swift in Sources */,
				9305AA5EEDE873C20697A888 /* QuickLogIntent.swift in Sources */,
				C915094ED8B0CF14FE7C068C /* RetentionManager.swift in Sources */,
				10D68A923A8E2E9C9AD3B4D2 /* ShareParser.swift in Sources */,
				C54D8C953287D1116C24A803 /* SpendCategory.swift in Sources */,
				8CEDFE125F57EF2D49C58BAB /* SpendWidget.swift in Sources */,
				62EC609BE55A806E0181FD63 /* StoreLocator.swift in Sources */,
				547769EC100751C7458552E2 /* TapLogControlWidget.swift in Sources */,
				1932E41B91F45E46AA7B947E /* TapLogWidgetBundle.swift in Sources */,
				101A6912F8C10D53F2E322B8 /* TimeBucket.swift in Sources */,
			);
			runOnlyForDeploymentPostprocessing = 0;
		};
		CBFA8760A58764A72515DE89 /* Sources */ = {
			isa = PBXSourcesBuildPhase;
			buildActionMask = 2147483647;
			files = (
				DAB5FB1B828F5A7F628C6DC9 /* AmountInputFilterTests.swift in Sources */,
				B5927A0A110705F9BD5C42A9 /* BudgetCalculatorTests.swift in Sources */,
				6EAE93A9D17930A34279BBA0 /* CSVExporterTests.swift in Sources */,
				4BA53740A22BDA4BE58BB8A8 /* CaptureBookkeepingTests.swift in Sources */,
				3250540CB941724ECD3D95A8 /* CapturePrefillTests.swift in Sources */,
				9BF6F9DEACE1F4F15E33995B /* MoneyTests.swift in Sources */,
				3C7943A4295129D2204EB8F7 /* OnboardingFlowTests.swift in Sources */,
				6F0F50E8824E78BC1D7F8C7F /* OpenCaptureIntentTests.swift in Sources */,
				07F07FAE13CACDFD7F4246B3 /* PersistenceTests.swift in Sources */,
				A053856F440889544F06D2C1 /* RecapMathTests.swift in Sources */,
				C43E0B895B64A75176F53DAE /* RetentionManagerTests.swift in Sources */,
				FE0C41BD1EA95880437984EB /* ShareParserTests.swift in Sources */,
				918FC202598E02AC6F1027B9 /* StoreLocatorTests.swift in Sources */,
				EDAE63C361499BD772BB5803 /* TimeBucketTests.swift in Sources */,
				517CA2752492795FF822A77F /* UndoStackTests.swift in Sources */,
			);
			runOnlyForDeploymentPostprocessing = 0;
		};
		E71609ADD56292AEC6D90E1B /* Sources */ = {
			isa = PBXSourcesBuildPhase;
			buildActionMask = 2147483647;
			files = (
				7CF118853A08588EC1E210DD /* AmountInputFilter.swift in Sources */,
				5B92ECAC89AD9816F7A5A444 /* CaptureBookkeeping.swift in Sources */,
				AC7E61336FFA39CD1A104DE6 /* Entry.swift in Sources */,
				0A06D0E1446BD988D6E632FC /* IntentSupport.swift in Sources */,
				29A7E78D7E66C5C96DB5CC33 /* Money.swift in Sources */,
				C2737376F33598D3B3021A62 /* RetentionManager.swift in Sources */,
				93620DDAD2EB03F6DD778785 /* ShareParser.swift in Sources */,
				32F0EE12DA061219B09071DA /* ShareViewController.swift in Sources */,
				2DFADCEFE987ACAA518EE64E /* SpendCategory.swift in Sources */,
				58044425907448C520D7A63D /* StoreLocator.swift in Sources */,
				473818FD29C8AA1B87935510 /* TimeBucket.swift in Sources */,
			);
			runOnlyForDeploymentPostprocessing = 0;
		};
/* End PBXSourcesBuildPhase section */

/* Begin PBXTargetDependency section */
		999B9580C5016CDCBB877640 /* PBXTargetDependency */ = {
			isa = PBXTargetDependency;
			target = C68C7FF68B45F0C5A1F99592 /* TapLog */;
			targetProxy = 11D30F98EF3A7BB0DC92D613 /* PBXContainerItemProxy */;
		};
		ED82D98E1F9C79646A6112BE /* PBXTargetDependency */ = {
			isa = PBXTargetDependency;
			target = 0ADA24EDFEDF80A58717CC5B /* TapLogWidget */;
			targetProxy = 91697090624F4A46AA53031D /* PBXContainerItemProxy */;
		};
		FE697CEBCAF4206A4506FE8C /* PBXTargetDependency */ = {
			isa = PBXTargetDependency;
			target = FBAE260331CEC4A7F670AE0F /* TapLogShare */;
			targetProxy = 279455DC787698668F105AEE /* PBXContainerItemProxy */;
		};
/* End PBXTargetDependency section */

/* Begin XCBuildConfiguration section */
		00C9A02B66678A6B84C13812 /* Debug */ = {
			isa = XCBuildConfiguration;
			buildSettings = {
				CODE_SIGN_ENTITLEMENTS = Configs/TapLogShare.entitlements;
				INFOPLIST_FILE = "Configs/TapLogShare-Info.plist";
				LD_RUNPATH_SEARCH_PATHS = (
					"$(inherited)",
					"@executable_path/Frameworks",
					"@executable_path/../../Frameworks",
				);
				PRODUCT_BUNDLE_IDENTIFIER = dev.amteshwar.taplog.share;
				SDKROOT = iphoneos;
				SKIP_INSTALL = YES;
				TARGETED_DEVICE_FAMILY = "1,2";
			};
			name = Debug;
		};
		1453B5C06C869F33179EBE8B /* Debug */ = {
			isa = XCBuildConfiguration;
			buildSettings = {
				ALWAYS_SEARCH_USER_PATHS = NO;
				CLANG_ANALYZER_NONNULL = YES;
				CLANG_ANALYZER_NUMBER_OBJECT_CONVERSION = YES_AGGRESSIVE;
				CLANG_CXX_LANGUAGE_STANDARD = "gnu++14";
				CLANG_CXX_LIBRARY = "libc++";
				CLANG_ENABLE_MODULES = YES;
				CLANG_ENABLE_OBJC_ARC = YES;
				CLANG_ENABLE_OBJC_WEAK = YES;
				CLANG_WARN_BLOCK_CAPTURE_AUTORELEASING = YES;
				CLANG_WARN_BOOL_CONVERSION = YES;
				CLANG_WARN_COMMA = YES;
				CLANG_WARN_CONSTANT_CONVERSION = YES;
				CLANG_WARN_DEPRECATED_OBJC_IMPLEMENTATIONS = YES;
				CLANG_WARN_DIRECT_OBJC_ISA_USAGE = YES_ERROR;
				CLANG_WARN_DOCUMENTATION_COMMENTS = YES;
				CLANG_WARN_EMPTY_BODY = YES;
				CLANG_WARN_ENUM_CONVERSION = YES;
				CLANG_WARN_INFINITE_RECURSION = YES;
				CLANG_WARN_INT_CONVERSION = YES;
				CLANG_WARN_NON_LITERAL_NULL_CONVERSION = YES;
				CLANG_WARN_OBJC_IMPLICIT_RETAIN_SELF = YES;
				CLANG_WARN_OBJC_LITERAL_CONVERSION = YES;
				CLANG_WARN_OBJC_ROOT_CLASS = YES_ERROR;
				CLANG_WARN_QUOTED_INCLUDE_IN_FRAMEWORK_HEADER = YES;
				CLANG_WARN_RANGE_LOOP_ANALYSIS = YES;
				CLANG_WARN_STRICT_PROTOTYPES = YES;
				CLANG_WARN_SUSPICIOUS_MOVE = YES;
				CLANG_WARN_UNGUARDED_AVAILABILITY = YES_AGGRESSIVE;
				CLANG_WARN_UNREACHABLE_CODE = YES;
				CLANG_WARN__DUPLICATE_METHOD_MATCH = YES;
				CODE_SIGN_STYLE = Automatic;
				COPY_PHASE_STRIP = NO;
				CURRENT_PROJECT_VERSION = 1;
				DEBUG_INFORMATION_FORMAT = dwarf;
				DEVELOPMENT_TEAM = FKM4DL483M;
				ENABLE_STRICT_OBJC_MSGSEND = YES;
				ENABLE_TESTABILITY = YES;
				GCC_C_LANGUAGE_STANDARD = gnu11;
				GCC_DYNAMIC_NO_PIC = NO;
				GCC_NO_COMMON_BLOCKS = YES;
				GCC_OPTIMIZATION_LEVEL = 0;
				GCC_PREPROCESSOR_DEFINITIONS = (
					"$(inherited)",
					"DEBUG=1",
				);
				GCC_WARN_64_TO_32_BIT_CONVERSION = YES;
				GCC_WARN_ABOUT_RETURN_TYPE = YES_ERROR;
				GCC_WARN_UNDECLARED_SELECTOR = YES;
				GCC_WARN_UNINITIALIZED_AUTOS = YES_AGGRESSIVE;
				GCC_WARN_UNUSED_FUNCTION = YES;
				GCC_WARN_UNUSED_VARIABLE = YES;
				IPHONEOS_DEPLOYMENT_TARGET = 17.0;
				MARKETING_VERSION = 0.1.0;
				MTL_ENABLE_DEBUG_INFO = INCLUDE_SOURCE;
				MTL_FAST_MATH = YES;
				ONLY_ACTIVE_ARCH = YES;
				PRODUCT_NAME = "$(TARGET_NAME)";
				SDKROOT = iphoneos;
				SWIFT_ACTIVE_COMPILATION_CONDITIONS = DEBUG;
				SWIFT_OPTIMIZATION_LEVEL = "-Onone";
				SWIFT_VERSION = 5.0;
			};
			name = Debug;
		};
		220277EA756225F30AEBAD00 /* Debug */ = {
			isa = XCBuildConfiguration;
			buildSettings = {
				CODE_SIGN_ENTITLEMENTS = Configs/TapLogWidget.entitlements;
				INFOPLIST_FILE = "Configs/TapLogWidget-Info.plist";
				LD_RUNPATH_SEARCH_PATHS = (
					"$(inherited)",
					"@executable_path/Frameworks",
					"@executable_path/../../Frameworks",
				);
				PRODUCT_BUNDLE_IDENTIFIER = dev.amteshwar.taplog.widget;
				SDKROOT = iphoneos;
				SKIP_INSTALL = YES;
				TARGETED_DEVICE_FAMILY = "1,2";
			};
			name = Debug;
		};
		40D6D6FD51C38E55FB14A52A /* Release */ = {
			isa = XCBuildConfiguration;
			buildSettings = {
				ALWAYS_SEARCH_USER_PATHS = NO;
				CLANG_ANALYZER_NONNULL = YES;
				CLANG_ANALYZER_NUMBER_OBJECT_CONVERSION = YES_AGGRESSIVE;
				CLANG_CXX_LANGUAGE_STANDARD = "gnu++14";
				CLANG_CXX_LIBRARY = "libc++";
				CLANG_ENABLE_MODULES = YES;
				CLANG_ENABLE_OBJC_ARC = YES;
				CLANG_ENABLE_OBJC_WEAK = YES;
				CLANG_WARN_BLOCK_CAPTURE_AUTORELEASING = YES;
				CLANG_WARN_BOOL_CONVERSION = YES;
				CLANG_WARN_COMMA = YES;
				CLANG_WARN_CONSTANT_CONVERSION = YES;
				CLANG_WARN_DEPRECATED_OBJC_IMPLEMENTATIONS = YES;
				CLANG_WARN_DIRECT_OBJC_ISA_USAGE = YES_ERROR;
				CLANG_WARN_DOCUMENTATION_COMMENTS = YES;
				CLANG_WARN_EMPTY_BODY = YES;
				CLANG_WARN_ENUM_CONVERSION = YES;
				CLANG_WARN_INFINITE_RECURSION = YES;
				CLANG_WARN_INT_CONVERSION = YES;
				CLANG_WARN_NON_LITERAL_NULL_CONVERSION = YES;
				CLANG_WARN_OBJC_IMPLICIT_RETAIN_SELF = YES;
				CLANG_WARN_OBJC_LITERAL_CONVERSION = YES;
				CLANG_WARN_OBJC_ROOT_CLASS = YES_ERROR;
				CLANG_WARN_QUOTED_INCLUDE_IN_FRAMEWORK_HEADER = YES;
				CLANG_WARN_RANGE_LOOP_ANALYSIS = YES;
				CLANG_WARN_STRICT_PROTOTYPES = YES;
				CLANG_WARN_SUSPICIOUS_MOVE = YES;
				CLANG_WARN_UNGUARDED_AVAILABILITY = YES_AGGRESSIVE;
				CLANG_WARN_UNREACHABLE_CODE = YES;
				CLANG_WARN__DUPLICATE_METHOD_MATCH = YES;
				CODE_SIGN_STYLE = Automatic;
				COPY_PHASE_STRIP = NO;
				CURRENT_PROJECT_VERSION = 1;
				DEBUG_INFORMATION_FORMAT = "dwarf-with-dsym";
				DEVELOPMENT_TEAM = FKM4DL483M;
				ENABLE_NS_ASSERTIONS = NO;
				ENABLE_STRICT_OBJC_MSGSEND = YES;
				GCC_C_LANGUAGE_STANDARD = gnu11;
				GCC_NO_COMMON_BLOCKS = YES;
				GCC_WARN_64_TO_32_BIT_CONVERSION = YES;
				GCC_WARN_ABOUT_RETURN_TYPE = YES_ERROR;
				GCC_WARN_UNDECLARED_SELECTOR = YES;
				GCC_WARN_UNINITIALIZED_AUTOS = YES_AGGRESSIVE;
				GCC_WARN_UNUSED_FUNCTION = YES;
				GCC_WARN_UNUSED_VARIABLE = YES;
				IPHONEOS_DEPLOYMENT_TARGET = 17.0;
				MARKETING_VERSION = 0.1.0;
				MTL_ENABLE_DEBUG_INFO = NO;
				MTL_FAST_MATH = YES;
				PRODUCT_NAME = "$(TARGET_NAME)";
				SDKROOT = iphoneos;
				SWIFT_COMPILATION_MODE = wholemodule;
				SWIFT_OPTIMIZATION_LEVEL = "-O";
				SWIFT_VERSION = 5.0;
			};
			name = Release;
		};
		71BCBE5AD1772A0301C32BC4 /* Debug */ = {
			isa = XCBuildConfiguration;
			buildSettings = {
				ASSETCATALOG_COMPILER_APPICON_NAME = AppIcon;
				ASSETCATALOG_COMPILER_GLOBAL_ACCENT_COLOR_NAME = "";
				CODE_SIGN_ENTITLEMENTS = Configs/TapLog.entitlements;
				CODE_SIGN_IDENTITY = "iPhone Developer";
				INFOPLIST_FILE = Configs/Info.plist;
				LD_RUNPATH_SEARCH_PATHS = (
					"$(inherited)",
					"@executable_path/Frameworks",
				);
				PRODUCT_BUNDLE_IDENTIFIER = dev.amteshwar.taplog;
				SDKROOT = iphoneos;
				TARGETED_DEVICE_FAMILY = 1;
			};
			name = Debug;
		};
		7D46F86B800DEFFE1EACE546 /* Release */ = {
			isa = XCBuildConfiguration;
			buildSettings = {
				CODE_SIGN_ENTITLEMENTS = Configs/TapLogShare.entitlements;
				INFOPLIST_FILE = "Configs/TapLogShare-Info.plist";
				LD_RUNPATH_SEARCH_PATHS = (
					"$(inherited)",
					"@executable_path/Frameworks",
					"@executable_path/../../Frameworks",
				);
				PRODUCT_BUNDLE_IDENTIFIER = dev.amteshwar.taplog.share;
				SDKROOT = iphoneos;
				SKIP_INSTALL = YES;
				TARGETED_DEVICE_FAMILY = "1,2";
			};
			name = Release;
		};
		93E2DDC96D0A9087512EB111 /* Release */ = {
			isa = XCBuildConfiguration;
			buildSettings = {
				ASSETCATALOG_COMPILER_APPICON_NAME = AppIcon;
				ASSETCATALOG_COMPILER_GLOBAL_ACCENT_COLOR_NAME = "";
				CODE_SIGN_ENTITLEMENTS = Configs/TapLog.entitlements;
				CODE_SIGN_IDENTITY = "iPhone Developer";
				INFOPLIST_FILE = Configs/Info.plist;
				LD_RUNPATH_SEARCH_PATHS = (
					"$(inherited)",
					"@executable_path/Frameworks",
				);
				PRODUCT_BUNDLE_IDENTIFIER = dev.amteshwar.taplog;
				SDKROOT = iphoneos;
				TARGETED_DEVICE_FAMILY = 1;
			};
			name = Release;
		};
		B045F55965028FF31A22783D /* Release */ = {
			isa = XCBuildConfiguration;
			buildSettings = {
				BUNDLE_LOADER = "$(TEST_HOST)";
				GENERATE_INFOPLIST_FILE = YES;
				LD_RUNPATH_SEARCH_PATHS = (
					"$(inherited)",
					"@executable_path/Frameworks",
					"@loader_path/Frameworks",
				);
				PRODUCT_BUNDLE_IDENTIFIER = dev.amteshwar.taplog.tests;
				SDKROOT = iphoneos;
				TARGETED_DEVICE_FAMILY = "1,2";
				TEST_HOST = "$(BUILT_PRODUCTS_DIR)/TapLog.app/$(BUNDLE_EXECUTABLE_FOLDER_PATH)/TapLog";
			};
			name = Release;
		};
		B457F61C51D97B674840F67E /* Debug */ = {
			isa = XCBuildConfiguration;
			buildSettings = {
				BUNDLE_LOADER = "$(TEST_HOST)";
				GENERATE_INFOPLIST_FILE = YES;
				LD_RUNPATH_SEARCH_PATHS = (
					"$(inherited)",
					"@executable_path/Frameworks",
					"@loader_path/Frameworks",
				);
				PRODUCT_BUNDLE_IDENTIFIER = dev.amteshwar.taplog.tests;
				SDKROOT = iphoneos;
				TARGETED_DEVICE_FAMILY = "1,2";
				TEST_HOST = "$(BUILT_PRODUCTS_DIR)/TapLog.app/$(BUNDLE_EXECUTABLE_FOLDER_PATH)/TapLog";
			};
			name = Debug;
		};
		D584E0FC7B9524F1A5A90372 /* Release */ = {
			isa = XCBuildConfiguration;
			buildSettings = {
				CODE_SIGN_ENTITLEMENTS = Configs/TapLogWidget.entitlements;
				INFOPLIST_FILE = "Configs/TapLogWidget-Info.plist";
				LD_RUNPATH_SEARCH_PATHS = (
					"$(inherited)",
					"@executable_path/Frameworks",
					"@executable_path/../../Frameworks",
				);
				PRODUCT_BUNDLE_IDENTIFIER = dev.amteshwar.taplog.widget;
				SDKROOT = iphoneos;
				SKIP_INSTALL = YES;
				TARGETED_DEVICE_FAMILY = "1,2";
			};
			name = Release;
		};
/* End XCBuildConfiguration section */

/* Begin XCConfigurationList section */
		2D91C4FB2CBFB8CEA08CE43B /* Build configuration list for PBXNativeTarget "TapLog" */ = {
			isa = XCConfigurationList;
			buildConfigurations = (
				71BCBE5AD1772A0301C32BC4 /* Debug */,
				93E2DDC96D0A9087512EB111 /* Release */,
			);
			defaultConfigurationIsVisible = 0;
			defaultConfigurationName = Debug;
		};
		4A1340FBB2EDD99950693A2A /* Build configuration list for PBXNativeTarget "TapLogWidget" */ = {
			isa = XCConfigurationList;
			buildConfigurations = (
				220277EA756225F30AEBAD00 /* Debug */,
				D584E0FC7B9524F1A5A90372 /* Release */,
			);
			defaultConfigurationIsVisible = 0;
			defaultConfigurationName = Debug;
		};
		96E2A177E76043BD02F3989D /* Build configuration list for PBXNativeTarget "TapLogShare" */ = {
			isa = XCConfigurationList;
			buildConfigurations = (
				00C9A02B66678A6B84C13812 /* Debug */,
				7D46F86B800DEFFE1EACE546 /* Release */,
			);
			defaultConfigurationIsVisible = 0;
			defaultConfigurationName = Debug;
		};
		F2D654F912F8C4D4BFB75093 /* Build configuration list for PBXProject "TapLog" */ = {
			isa = XCConfigurationList;
			buildConfigurations = (
				1453B5C06C869F33179EBE8B /* Debug */,
				40D6D6FD51C38E55FB14A52A /* Release */,
			);
			defaultConfigurationIsVisible = 0;
			defaultConfigurationName = Debug;
		};
		F869C75E323A5CBC1192A694 /* Build configuration list for PBXNativeTarget "TapLogTests" */ = {
			isa = XCConfigurationList;
			buildConfigurations = (
				B457F61C51D97B674840F67E /* Debug */,
				B045F55965028FF31A22783D /* Release */,
			);
			defaultConfigurationIsVisible = 0;
			defaultConfigurationName = Debug;
		};
/* End XCConfigurationList section */
	};
	rootObject = 1C6644AA9CD3D222F4CB713D /* Project object */;
}
